
Microsoft Visual Studio Solution File, Format Version 12.00
# Visual Studio Version 16
VisualStudioVersion = 16.0.30011.22
MinimumVisualStudioVersion = 10.0.40219.1
Project("{FAE04EC0-301F-11D3-BF4B-00C04F79EFBC}") = "Maintenance", "Maintenance\Maintenance.csproj", "{BDD38BA2-9727-413A-BF54-757EBCB503AA}"
EndProject
Project("{FAE04EC0-301F-11D3-BF4B-00C04F79EFBC}") = "DatabaseModel", "DatabaseModel\DatabaseModel.csproj", "{2B3CC28F-EAB0-41C6-A50A-DD4E8FC46C9A}"
EndProject
Global
	GlobalSection(SolutionConfigurationPlatforms) = preSolution
		Debug|Any CPU = Debug|Any CPU
		Release|Any CPU = Release|Any CPU
	EndGlobalSection
	GlobalSection(ProjectConfigurationPlatforms) = postSolution
		{BDD38BA2-9727-413A-BF54-757EBCB503AA}.Debug|Any CPU.ActiveCfg = Debug|Any CPU
		{BDD38BA2-9727-413A-BF54-757EBCB503AA}.Debug|Any CPU.Build.0 = Debug|Any CPU
		{BDD38BA2-9727-413A-BF54-757EBCB503AA}.Release|Any CPU.ActiveCfg = Release|Any CPU
		{BDD38BA2-9727-413A-BF54-757EBCB503AA}.Release|Any CPU.Build.0 = Release|Any CPU
		{2B3CC28F-EAB0-41C6-A50A-DD4E8FC46C9A}.Debug|Any CPU.ActiveCfg = Debug|Any CPU
		{2B3CC28F-EAB0-41C6-A50A-DD4E8FC46C9A}.Debug|Any CPU.Build.0 = Debug|Any CPU
		{2B3CC28F-EAB0-41C6-A50A-DD4E8FC46C9A}.Release|Any CPU.ActiveCfg = Release|Any CPU
		{2B3CC28F-EAB0-41C6-A50A-DD4E8FC46C9A}.Release|Any CPU.Build.0 = Release|Any CPU
	EndGlobalSection
	GlobalSection(SolutionProperties) = preSolution
		HideSolutionNode = FALSE
	EndGlobalSection
	GlobalSection(ExtensibilityGlobals) = postSolution
		SolutionGuid = {BAC32EDA-3318-494A-BD74-689936C6DFE8}
	EndGlobalSection
EndGlobal
